
Microsoft Visual Studio Solution File, Format Version 12.00
# Visual Studio Version 16
VisualStudioVersion = 16.0.31025.194
MinimumVisualStudioVersion = 10.0.40219.1
Project("{FAE04EC0-301F-11D3-BF4B-00C04F79EFBC}") = "Dierentuin_DotNetAPI", "Dierentuin_DotNetAPI\Dierentuin_DotNetAPI.csproj", "{42B35B4B-C274-4B98-9E1E-14624617F09D}"
EndProject
Global
	GlobalSection(SolutionConfigurationPlatforms) = preSolution
		Debug|Any CPU = Debug|Any CPU
		Release|Any CPU = Release|Any CPU
	EndGlobalSection
	GlobalSection(ProjectConfigurationPlatforms) = postSolution
		{42B35B4B-C274-4B98-9E1E-14624617F09D}.Debug|Any CPU.ActiveCfg = Debug|Any CPU
		{42B35B4B-C274-4B98-9E1E-14624617F09D}.Debug|Any CPU.Build.0 = Debug|Any CPU
		{42B35B4B-C274-4B98-9E1E-14624617F09D}.Release|Any CPU.ActiveCfg = Release|Any CPU
		{42B35B4B-C274-4B98-9E1E-14624617F09D}.Release|Any CPU.Build.0 = Release|Any CPU
	EndGlobalSection
	GlobalSection(SolutionProperties) = preSolution
		HideSolutionNode = FALSE
	EndGlobalSection
	GlobalSection(ExtensibilityGlobals) = postSolution
		SolutionGuid = {6B2EB2E0-E681-49EB-B994-2B162D36DE65}
	EndGlobalSection
EndGlobal
